
Microsoft Visual Studio Solution File, Format Version 9.00
# Visual Studio 2005
Project("{8BC9CEB8-8B4A-11D0-8D11-00A0C91BC942}") = "hesperus", "hesperus.vcproj", "{9206F79F-065C-477A-9218-B83E8A2D9891}"
	ProjectSection(ProjectDependencies) = postProject
		{57B520D8-1A0C-4F5D-BE95-26C288CA60FC} = {57B520D8-1A0C-4F5D-BE95-26C288CA60FC}
	EndProjectSection
EndProject
Project("{8BC9CEB8-8B4A-11D0-8D11-00A0C91BC942}") = "hbsp", "tools\hbsp\hbsp.vcproj", "{D0B6EA36-F8ED-4E95-8994-D6D144AA6B06}"
	ProjectSection(ProjectDependencies) = postProject
		{57B520D8-1A0C-4F5D-BE95-26C288CA60FC} = {57B520D8-1A0C-4F5D-BE95-26C288CA60FC}
	EndProjectSection
EndProject
Project("{8BC9CEB8-8B4A-11D0-8D11-00A0C91BC942}") = "common", "common\common.vcproj", "{57B520D8-1A0C-4F5D-BE95-26C288CA60FC}"
EndProject
Project("{8BC9CEB8-8B4A-11D0-8D11-00A0C91BC942}") = "hportal", "tools\hportal\hportal.vcproj", "{225FFC39-2C8D-4B8A-9362-F3687E423A14}"
	ProjectSection(ProjectDependencies) = postProject
		{57B520D8-1A0C-4F5D-BE95-26C288CA60FC} = {57B520D8-1A0C-4F5D-BE95-26C288CA60FC}
	EndProjectSection
EndProject
Project("{8BC9CEB8-8B4A-11D0-8D11-00A0C91BC942}") = "hvis", "tools\hvis\hvis.vcproj", "{B37E1EBE-A89D-4500-A893-19D44E61575F}"
	ProjectSection(ProjectDependencies) = postProject
		{57B520D8-1A0C-4F5D-BE95-26C288CA60FC} = {57B520D8-1A0C-4F5D-BE95-26C288CA60FC}
	EndProjectSection
EndProject
Global
	GlobalSection(SolutionConfigurationPlatforms) = preSolution
		Debug|Win32 = Debug|Win32
		Release|Win32 = Release|Win32
	EndGlobalSection
	GlobalSection(ProjectConfigurationPlatforms) = postSolution
		{9206F79F-065C-477A-9218-B83E8A2D9891}.Debug|Win32.ActiveCfg = Debug|Win32
		{9206F79F-065C-477A-9218-B83E8A2D9891}.Debug|Win32.Build.0 = Debug|Win32
		{9206F79F-065C-477A-9218-B83E8A2D9891}.Release|Win32.ActiveCfg = Release|Win32
		{9206F79F-065C-477A-9218-B83E8A2D9891}.Release|Win32.Build.0 = Release|Win32
		{D0B6EA36-F8ED-4E95-8994-D6D144AA6B06}.Debug|Win32.ActiveCfg = Debug|Win32
		{D0B6EA36-F8ED-4E95-8994-D6D144AA6B06}.Debug|Win32.Build.0 = Debug|Win32
		{D0B6EA36-F8ED-4E95-8994-D6D144AA6B06}.Release|Win32.ActiveCfg = Release|Win32
		{D0B6EA36-F8ED-4E95-8994-D6D144AA6B06}.Release|Win32.Build.0 = Release|Win32
		{57B520D8-1A0C-4F5D-BE95-26C288CA60FC}.Debug|Win32.ActiveCfg = Debug|Win32
		{57B520D8-1A0C-4F5D-BE95-26C288CA60FC}.Debug|Win32.Build.0 = Debug|Win32
		{57B520D8-1A0C-4F5D-BE95-26C288CA60FC}.Release|Win32.ActiveCfg = Release|Win32
		{57B520D8-1A0C-4F5D-BE95-26C288CA60FC}.Release|Win32.Build.0 = Release|Win32
		{225FFC39-2C8D-4B8A-9362-F3687E423A14}.Debug|Win32.ActiveCfg = Debug|Win32
		{225FFC39-2C8D-4B8A-9362-F3687E423A14}.Debug|Win32.Build.0 = Debug|Win32
		{225FFC39-2C8D-4B8A-9362-F3687E423A14}.Release|Win32.ActiveCfg = Release|Win32
		{225FFC39-2C8D-4B8A-9362-F3687E423A14}.Release|Win32.Build.0 = Release|Win32
		{B37E1EBE-A89D-4500-A893-19D44E61575F}.Debug|Win32.ActiveCfg = Debug|Win32
		{B37E1EBE-A89D-4500-A893-19D44E61575F}.Debug|Win32.Build.0 = Debug|Win32
		{B37E1EBE-A89D-4500-A893-19D44E61575F}.Release|Win32.ActiveCfg = Release|Win32
		{B37E1EBE-A89D-4500-A893-19D44E61575F}.Release|Win32.Build.0 = Release|Win32
	EndGlobalSection
	GlobalSection(SolutionProperties) = preSolution
		HideSolutionNode = FALSE
	EndGlobalSection
EndGlobal
