
Microsoft Visual Studio Solution File, Format Version 9.00
# Visual Studio 2005
Project("{8BC9CEB8-8B4A-11D0-8D11-00A0C91BC942}") = "hesperus", "hesperus.vcproj", "{9206F79F-065C-477A-9218-B83E8A2D9891}"
	ProjectSection(ProjectDependencies) = postProject
		{57B520D8-1A0C-4F5D-BE95-26C288CA60FC} = {57B520D8-1A0C-4F5D-BE95-26C288CA60FC}
	EndProjectSection
EndProject
Project("{8BC9CEB8-8B4A-11D0-8D11-00A0C91BC942}") = "hbsp", "tools\hbsp\hbsp.vcproj", "{D0B6EA36-F8ED-4E95-8994-D6D144AA6B06}"
	ProjectSection(ProjectDependencies) = postProject
		{57B520D8-1A0C-4F5D-BE95-26C288CA60FC} = {57B520D8-1A0C-4F5D-BE95-26C288CA60FC}
	EndProjectSection
EndProject
Project("{8BC9CEB8-8B4A-11D0-8D11-00A0C91BC942}") = "common", "common\common.vcproj", "{57B520D8-1A0C-4F5D-BE95-26C288CA60FC}"
EndProject
Project("{8BC9CEB8-8B4A-11D0-8D11-00A0C91BC942}") = "hportal", "tools\hportal\hportal.vcproj", "{225FFC39-2C8D-4B8A-9362-F3687E423A14}"
	ProjectSection(ProjectDependencies) = postProject
		{57B520D8-1A0C-4F5D-BE95-26C288CA60FC} = {57B520D8-1A0C-4F5D-BE95-26C288CA60FC}
	EndProjectSection
EndProject
Project("{8BC9CEB8-8B4A-11D0-8D11-00A0C91BC942}") = "hvis", "tools\hvis\hvis.vcproj", "{B37E1EBE-A89D-4500-A893-19D44E61575F}"
	ProjectSection(ProjectDependencies) = postProject
		{57B520D8-1A0C-4F5D-BE95-26C288CA60FC} = {57B520D8-1A0C-4F5D-BE95-26C288CA60FC}
	EndProjectSection
EndProject
Project("{8BC9CEB8-8B4A-11D0-8D11-00A0C91BC942}") = "hlight", "tools\hlight\hlight.vcproj", "{E3A2E3AD-714E-4E92-850F-D95A26C7EDB1}"
	ProjectSection(ProjectDependencies) = postProject
		{57B520D8-1A0C-4F5D-BE95-26C288CA60FC} = {57B520D8-1A0C-4F5D-BE95-26C288CA60FC}
	EndProjectSection
EndProject
Project("{8BC9CEB8-8B4A-11D0-8D11-00A0C91BC942}") = "hcollate", "tools\hcollate\hcollate.vcproj", "{A699FB15-7F92-4B7C-9B56-982E89D2BE35}"
	ProjectSection(ProjectDependencies) = postProject
		{57B520D8-1A0C-4F5D-BE95-26C288CA60FC} = {57B520D8-1A0C-4F5D-BE95-26C288CA60FC}
	EndProjectSection
EndProject
Project("{8BC9CEB8-8B4A-11D0-8D11-00A0C91BC942}") = "mef2input", "tools\mef2input\mef2input.vcproj", "{C059F72F-2436-4299-A3EB-46079A0C7FD7}"
	ProjectSection(ProjectDependencies) = postProject
		{57B520D8-1A0C-4F5D-BE95-26C288CA60FC} = {57B520D8-1A0C-4F5D-BE95-26C288CA60FC}
	EndProjectSection
EndProject
Project("{8BC9CEB8-8B4A-11D0-8D11-00A0C91BC942}") = "hcsg", "tools\hcsg\hcsg.vcproj", "{ADC2BEFC-3950-4FDC-9E8F-BF663413FCD5}"
	ProjectSection(ProjectDependencies) = postProject
		{57B520D8-1A0C-4F5D-BE95-26C288CA60FC} = {57B520D8-1A0C-4F5D-BE95-26C288CA60FC}
	EndProjectSection
EndProject
Project("{8BC9CEB8-8B4A-11D0-8D11-00A0C91BC942}") = "hflood", "tools\hflood\hflood.vcproj", "{CAAE4648-B048-4BF7-9D1A-EB7CAAAB80B6}"
	ProjectSection(ProjectDependencies) = postProject
		{57B520D8-1A0C-4F5D-BE95-26C288CA60FC} = {57B520D8-1A0C-4F5D-BE95-26C288CA60FC}
	EndProjectSection
EndProject
Project("{8BC9CEB8-8B4A-11D0-8D11-00A0C91BC942}") = "hr2cbrush", "tools\hr2cbrush\hr2cbrush.vcproj", "{CEB61469-BD1F-4EA3-9731-2CF7C84B3933}"
	ProjectSection(ProjectDependencies) = postProject
		{57B520D8-1A0C-4F5D-BE95-26C288CA60FC} = {57B520D8-1A0C-4F5D-BE95-26C288CA60FC}
	EndProjectSection
EndProject
Project("{8BC9CEB8-8B4A-11D0-8D11-00A0C91BC942}") = "hexpand", "tools\hexpand\hexpand.vcproj", "{4DC0B878-90B5-46B8-9A62-28C645AAAD57}"
	ProjectSection(ProjectDependencies) = postProject
		{57B520D8-1A0C-4F5D-BE95-26C288CA60FC} = {57B520D8-1A0C-4F5D-BE95-26C288CA60FC}
	EndProjectSection
EndProject
Project("{8BC9CEB8-8B4A-11D0-8D11-00A0C91BC942}") = "hobsp", "tools\hobsp\hobsp.vcproj", "{7C1AF394-158F-447D-82A5-FA0440CDD713}"
	ProjectSection(ProjectDependencies) = postProject
		{57B520D8-1A0C-4F5D-BE95-26C288CA60FC} = {57B520D8-1A0C-4F5D-BE95-26C288CA60FC}
	EndProjectSection
EndProject
Project("{8BC9CEB8-8B4A-11D0-8D11-00A0C91BC942}") = "hoportal", "tools\hoportal\hoportal.vcproj", "{8E7ECF84-6047-4829-9D11-8B3AC935A681}"
	ProjectSection(ProjectDependencies) = postProject
		{57B520D8-1A0C-4F5D-BE95-26C288CA60FC} = {57B520D8-1A0C-4F5D-BE95-26C288CA60FC}
	EndProjectSection
EndProject
Project("{8BC9CEB8-8B4A-11D0-8D11-00A0C91BC942}") = "hnav", "tools\hnav\hnav.vcproj", "{DB4F9436-072F-4014-B638-0293AD18F0B3}"
	ProjectSection(ProjectDependencies) = postProject
		{57B520D8-1A0C-4F5D-BE95-26C288CA60FC} = {57B520D8-1A0C-4F5D-BE95-26C288CA60FC}
	EndProjectSection
EndProject
Project("{8BC9CEB8-8B4A-11D0-8D11-00A0C91BC942}") = "hbrushdivider", "tools\hbrushdivider\hbrushdivider.vcproj", "{27A0AEFA-BAE2-415B-8CE3-AB8B44A073DA}"
EndProject
Global
	GlobalSection(SolutionConfigurationPlatforms) = preSolution
		Debug|Win32 = Debug|Win32
		Release|Win32 = Release|Win32
	EndGlobalSection
	GlobalSection(ProjectConfigurationPlatforms) = postSolution
		{9206F79F-065C-477A-9218-B83E8A2D9891}.Debug|Win32.ActiveCfg = Debug|Win32
		{9206F79F-065C-477A-9218-B83E8A2D9891}.Debug|Win32.Build.0 = Debug|Win32
		{9206F79F-065C-477A-9218-B83E8A2D9891}.Release|Win32.ActiveCfg = Release|Win32
		{9206F79F-065C-477A-9218-B83E8A2D9891}.Release|Win32.Build.0 = Release|Win32
		{D0B6EA36-F8ED-4E95-8994-D6D144AA6B06}.Debug|Win32.ActiveCfg = Debug|Win32
		{D0B6EA36-F8ED-4E95-8994-D6D144AA6B06}.Debug|Win32.Build.0 = Debug|Win32
		{D0B6EA36-F8ED-4E95-8994-D6D144AA6B06}.Release|Win32.ActiveCfg = Release|Win32
		{D0B6EA36-F8ED-4E95-8994-D6D144AA6B06}.Release|Win32.Build.0 = Release|Win32
		{57B520D8-1A0C-4F5D-BE95-26C288CA60FC}.Debug|Win32.ActiveCfg = Debug|Win32
		{57B520D8-1A0C-4F5D-BE95-26C288CA60FC}.Debug|Win32.Build.0 = Debug|Win32
		{57B520D8-1A0C-4F5D-BE95-26C288CA60FC}.Release|Win32.ActiveCfg = Release|Win32
		{57B520D8-1A0C-4F5D-BE95-26C288CA60FC}.Release|Win32.Build.0 = Release|Win32
		{225FFC39-2C8D-4B8A-9362-F3687E423A14}.Debug|Win32.ActiveCfg = Debug|Win32
		{225FFC39-2C8D-4B8A-9362-F3687E423A14}.Debug|Win32.Build.0 = Debug|Win32
		{225FFC39-2C8D-4B8A-9362-F3687E423A14}.Release|Win32.ActiveCfg = Release|Win32
		{225FFC39-2C8D-4B8A-9362-F3687E423A14}.Release|Win32.Build.0 = Release|Win32
		{B37E1EBE-A89D-4500-A893-19D44E61575F}.Debug|Win32.ActiveCfg = Debug|Win32
		{B37E1EBE-A89D-4500-A893-19D44E61575F}.Debug|Win32.Build.0 = Debug|Win32
		{B37E1EBE-A89D-4500-A893-19D44E61575F}.Release|Win32.ActiveCfg = Release|Win32
		{B37E1EBE-A89D-4500-A893-19D44E61575F}.Release|Win32.Build.0 = Release|Win32
		{E3A2E3AD-714E-4E92-850F-D95A26C7EDB1}.Debug|Win32.ActiveCfg = Debug|Win32
		{E3A2E3AD-714E-4E92-850F-D95A26C7EDB1}.Debug|Win32.Build.0 = Debug|Win32
		{E3A2E3AD-714E-4E92-850F-D95A26C7EDB1}.Release|Win32.ActiveCfg = Release|Win32
		{E3A2E3AD-714E-4E92-850F-D95A26C7EDB1}.Release|Win32.Build.0 = Release|Win32
		{A699FB15-7F92-4B7C-9B56-982E89D2BE35}.Debug|Win32.ActiveCfg = Debug|Win32
		{A699FB15-7F92-4B7C-9B56-982E89D2BE35}.Debug|Win32.Build.0 = Debug|Win32
		{A699FB15-7F92-4B7C-9B56-982E89D2BE35}.Release|Win32.ActiveCfg = Release|Win32
		{A699FB15-7F92-4B7C-9B56-982E89D2BE35}.Release|Win32.Build.0 = Release|Win32
		{C059F72F-2436-4299-A3EB-46079A0C7FD7}.Debug|Win32.ActiveCfg = Debug|Win32
		{C059F72F-2436-4299-A3EB-46079A0C7FD7}.Debug|Win32.Build.0 = Debug|Win32
		{C059F72F-2436-4299-A3EB-46079A0C7FD7}.Release|Win32.ActiveCfg = Release|Win32
		{C059F72F-2436-4299-A3EB-46079A0C7FD7}.Release|Win32.Build.0 = Release|Win32
		{ADC2BEFC-3950-4FDC-9E8F-BF663413FCD5}.Debug|Win32.ActiveCfg = Debug|Win32
		{ADC2BEFC-3950-4FDC-9E8F-BF663413FCD5}.Debug|Win32.Build.0 = Debug|Win32
		{ADC2BEFC-3950-4FDC-9E8F-BF663413FCD5}.Release|Win32.ActiveCfg = Release|Win32
		{ADC2BEFC-3950-4FDC-9E8F-BF663413FCD5}.Release|Win32.Build.0 = Release|Win32
		{CAAE4648-B048-4BF7-9D1A-EB7CAAAB80B6}.Debug|Win32.ActiveCfg = Debug|Win32
		{CAAE4648-B048-4BF7-9D1A-EB7CAAAB80B6}.Debug|Win32.Build.0 = Debug|Win32
		{CAAE4648-B048-4BF7-9D1A-EB7CAAAB80B6}.Release|Win32.ActiveCfg = Release|Win32
		{CAAE4648-B048-4BF7-9D1A-EB7CAAAB80B6}.Release|Win32.Build.0 = Release|Win32
		{CEB61469-BD1F-4EA3-9731-2CF7C84B3933}.Debug|Win32.ActiveCfg = Debug|Win32
		{CEB61469-BD1F-4EA3-9731-2CF7C84B3933}.Debug|Win32.Build.0 = Debug|Win32
		{CEB61469-BD1F-4EA3-9731-2CF7C84B3933}.Release|Win32.ActiveCfg = Release|Win32
		{CEB61469-BD1F-4EA3-9731-2CF7C84B3933}.Release|Win32.Build.0 = Release|Win32
		{4DC0B878-90B5-46B8-9A62-28C645AAAD57}.Debug|Win32.ActiveCfg = Debug|Win32
		{4DC0B878-90B5-46B8-9A62-28C645AAAD57}.Debug|Win32.Build.0 = Debug|Win32
		{4DC0B878-90B5-46B8-9A62-28C645AAAD57}.Release|Win32.ActiveCfg = Release|Win32
		{4DC0B878-90B5-46B8-9A62-28C645AAAD57}.Release|Win32.Build.0 = Release|Win32
		{7C1AF394-158F-447D-82A5-FA0440CDD713}.Debug|Win32.ActiveCfg = Debug|Win32
		{7C1AF394-158F-447D-82A5-FA0440CDD713}.Debug|Win32.Build.0 = Debug|Win32
		{7C1AF394-158F-447D-82A5-FA0440CDD713}.Release|Win32.ActiveCfg = Release|Win32
		{7C1AF394-158F-447D-82A5-FA0440CDD713}.Release|Win32.Build.0 = Release|Win32
		{8E7ECF84-6047-4829-9D11-8B3AC935A681}.Debug|Win32.ActiveCfg = Debug|Win32
		{8E7ECF84-6047-4829-9D11-8B3AC935A681}.Debug|Win32.Build.0 = Debug|Win32
		{8E7ECF84-6047-4829-9D11-8B3AC935A681}.Release|Win32.ActiveCfg = Release|Win32
		{8E7ECF84-6047-4829-9D11-8B3AC935A681}.Release|Win32.Build.0 = Release|Win32
		{DB4F9436-072F-4014-B638-0293AD18F0B3}.Debug|Win32.ActiveCfg = Debug|Win32
		{DB4F9436-072F-4014-B638-0293AD18F0B3}.Debug|Win32.Build.0 = Debug|Win32
		{DB4F9436-072F-4014-B638-0293AD18F0B3}.Release|Win32.ActiveCfg = Release|Win32
		{DB4F9436-072F-4014-B638-0293AD18F0B3}.Release|Win32.Build.0 = Release|Win32
		{27A0AEFA-BAE2-415B-8CE3-AB8B44A073DA}.Debug|Win32.ActiveCfg = Debug|Win32
		{27A0AEFA-BAE2-415B-8CE3-AB8B44A073DA}.Debug|Win32.Build.0 = Debug|Win32
		{27A0AEFA-BAE2-415B-8CE3-AB8B44A073DA}.Release|Win32.ActiveCfg = Release|Win32
		{27A0AEFA-BAE2-415B-8CE3-AB8B44A073DA}.Release|Win32.Build.0 = Release|Win32
	EndGlobalSection
	GlobalSection(SolutionProperties) = preSolution
		HideSolutionNode = FALSE
	EndGlobalSection
EndGlobal
